// !$*UTF8*$!
{
	archiveVersion = 1;
	classes = {
	};
	objectVersion = 46;
	objects = {

/* Begin PBXBuildFile section */
		BCAE5C5F1BE7C1200098BBEA /* AppDelegate.swift in Sources */ = {isa = PBXBuildFile; fileRef = BCAE5C5E1BE7C1200098BBEA /* AppDelegate.swift */; };
		BCAE5C611BE7C1200098BBEA /* ViewController.swift in Sources */ = {isa = PBXBuildFile; fileRef = BCAE5C601BE7C1200098BBEA /* ViewController.swift */; };
		BCAE5C641BE7C1200098BBEA /* Main.storyboard in Resources */ = {isa = PBXBuildFile; fileRef = BCAE5C621BE7C1200098BBEA /* Main.storyboard */; };
		BCAE5C661BE7C1200098BBEA /* Assets.xcassets in Resources */ = {isa = PBXBuildFile; fileRef = BCAE5C651BE7C1200098BBEA /* Assets.xcassets */; };
		BCAE5C691BE7C1200098BBEA /* LaunchScreen.storyboard in Resources */ = {isa = PBXBuildFile; fileRef = BCAE5C671BE7C1200098BBEA /* LaunchScreen.storyboard */; };
/* End PBXBuildFile section */

/* Begin PBXFileReference section */
		BCAE5C5B1BE7C1200098BBEA /* Project13.app */ = {isa = PBXFileReference; explicitFileType = wrapper.application; includeInIndex = 0; path = Project13.app; sourceTree = BUILT_PRODUCTS_DIR; };
		BCAE5C5E1BE7C1200098BBEA /* AppDelegate.swift */ = {isa = PBXFileReference; lastKnownFileType = sourcecode.swift; path = AppDelegate.swift; sourceTree = "<group>"; };
		BCAE5C601BE7C1200098BBEA /* ViewController.swift */ = {isa = PBXFileReference; lastKnownFileType = sourcecode.swift; path = ViewController.swift; sourceTree = "<group>"; };
		BCAE5C631BE7C1200098BBEA /* Base */ = {isa = PBXFileReference; lastKnownFileType = file.storyboard; name = Base; path = Base.lproj/Main.storyboard; sourceTree = "<group>"; };
		BCAE5C651BE7C1200098BBEA /* Assets.xcassets */ = {isa = PBXFileReference; lastKnownFileType = folder.assetcatalog; path = Assets.xcassets; sourceTree = "<group>"; };
		BCAE5C681BE7C1200098BBEA /* Base */ = {isa = PBXFileReference; lastKnownFileType = file.storyboard; name = Base; path = Base.lproj/LaunchScreen.storyboard; sourceTree = "<group>"; };
		BCAE5C6A1BE7C1200098BBEA /* Info.plist */ = {isa = PBXFileReference; lastKnownFileType = text.plist.xml; path = Info.plist; sourceTree = "<group>"; };
/* End PBXFileReference section */

/* Begin PBXFrameworksBuildPhase section */
		BCAE5C581BE7C1200098BBEA /* Frameworks */ = {
			isa = PBXFrameworksBuildPhase;
			buildActionMask = 2147483647;
			files = (
			);
			runOnlyForDeploymentPostprocessing = 0;
		};
/* End PBXFrameworksBuildPhase section */

/* Begin PBXGroup section */
		BCAE5C521BE7C1200098BBEA = {
			isa = PBXGroup;
			children = (
				BCAE5C5D1BE7C1200098BBEA /* Project13 */,
				BCAE5C5C1BE7C1200098BBEA /* Products */,
			);
			sourceTree = "<group>";
		};
		BCAE5C5C1BE7C1200098BBEA /* Products */ = {
			isa = PBXGroup;
			children = (
				BCAE5C5B1BE7C1200098BBEA /* Project13.app */,
			);
			name = Products;
			sourceTree = "<group>";
		};
		BCAE5C5D1BE7C1200098BBEA /* Project13 */ = {
			isa = PBXGroup;
			children = (
				BCAE5C5E1BE7C1200098BBEA /* AppDelegate.swift */,
				BCAE5C601BE7C1200098BBEA /* ViewController.swift */,
				BCAE5C621BE7C1200098BBEA /* Main.storyboard */,
				BCAE5C651BE7C1200098BBEA /* Assets.xcassets */,
				BCAE5C671BE7C1200098BBEA /* LaunchScreen.storyboard */,
				BCAE5C6A1BE7C1200098BBEA /* Info.plist */,
			);
			path = Project13;
			sourceTree = "<group>";
		};
/* End PBXGroup section */

/* Begin PBXNativeTarget section */
		BCAE5C5A1BE7C1200098BBEA /* Project13 */ = {
			isa = PBXNativeTarget;
			buildConfigurationList = BCAE5C6D1BE7C1200098BBEA /* Build configuration list for PBXNativeTarget "Project13" */;
			buildPhases = (
				BCAE5C571BE7C1200098BBEA /* Sources */,
				BCAE5C581BE7C1200098BBEA /* Frameworks */,
				BCAE5C591BE7C1200098BBEA /* Resources */,
			);
			buildRules = (
			);
			dependencies = (
			);
			name = Project13;
			productName = Project13;
			productReference = BCAE5C5B1BE7C1200098BBEA /* Project13.app */;
			productType = "com.apple.product-type.application";
		};
/* End PBXNativeTarget section */

/* Begin PBXProject section */
		BCAE5C531BE7C1200098BBEA /* Project object */ = {
			isa = PBXProject;
			attributes = {
				LastSwiftUpdateCheck = 0710;
				LastUpgradeCheck = 0710;
				ORGANIZATIONNAME = "Winand, Christopher";
				TargetAttributes = {
					BCAE5C5A1BE7C1200098BBEA = {
						CreatedOnToolsVersion = 7.1;
					};
				};
			};
			buildConfigurationList = BCAE5C561BE7C1200098BBEA /* Build configuration list for PBXProject "Project13" */;
			compatibilityVersion = "Xcode 3.2";
			developmentRegion = English;
			hasScannedForEncodings = 0;
			knownRegions = (
				en,
				Base,
			);
			mainGroup = BCAE5C521BE7C1200098BBEA;
			productRefGroup = BCAE5C5C1BE7C1200098BBEA /* Products */;
			projectDirPath = "";
			projectRoot = "";
			targets = (
				BCAE5C5A1BE7C1200098BBEA /* Project13 */,
			);
		};
/* End PBXProject section */

/* Begin PBXResourcesBuildPhase section */
		BCAE5C591BE7C1200098BBEA /* Resources */ = {
			isa = PBXResourcesBuildPhase;
			buildActionMask = 2147483647;
			files = (
				BCAE5C691BE7C1200098BBEA /* LaunchScreen.storyboard in Resources */,
				BCAE5C661BE7C1200098BBEA /* Assets.xcassets in Resources */,
				BCAE5C641BE7C1200098BBEA /* Main.storyboard in Resources */,
			);
			runOnlyForDeploymentPostprocessing = 0;
		};
/* End PBXResourcesBuildPhase section */

/* Begin PBXSourcesBuildPhase section */
		BCAE5C571BE7C1200098BBEA /* Sources */ = {
			isa = PBXSourcesBuildPhase;
			buildActionMask = 2147483647;
			files = (
				BCAE5C611BE7C1200098BBEA /* ViewController.swift in Sources */,
				BCAE5C5F1BE7C1200098BBEA /* AppDelegate.swift in Sources */,
			);
			runOnlyForDeploymentPostprocessing = 0;
		};
/* End PBXSourcesBuildPhase section */

/* Begin PBXVariantGroup section */
		BCAE5C621BE7C1200098BBEA /* Main.storyboard */ = {
			isa = PBXVariantGroup;
			children = (
				BCAE5C631BE7C1200098BBEA /* Base */,
			);
			name = Main.storyboard;
			sourceTree = "<group>";
		};
		BCAE5C671BE7C1200098BBEA /* LaunchScreen.storyboard */ = {
			isa = PBXVariantGroup;
			children = (
				BCAE5C681BE7C1200098BBEA /* Base */,
			);
			name = LaunchScreen.storyboard;
			sourceTree = "<group>";
		};
/* End PBXVariantGroup section */

/* Begin XCBuildConfiguration section */
		BCAE5C6B1BE7C1200098BBEA /* Debug */ = {
			isa = XCBuildConfiguration;
			buildSettings = {
				ALWAYS_SEARCH_USER_PATHS = NO;
				CLANG_CXX_LANGUAGE_STANDARD = "gnu++0x";
				CLANG_CXX_LIBRARY = "libc++";
				CLANG_ENABLE_MODULES = YES;
				CLANG_ENABLE_OBJC_ARC = YES;
				CLANG_WARN_BOOL_CONVERSION = YES;
				CLANG_WARN_CONSTANT_CONVERSION = YES;
				CLANG_WARN_DIRECT_OBJC_ISA_USAGE = YES_ERROR;
				CLANG_WARN_EMPTY_BODY = YES;
				CLANG_WARN_ENUM_CONVERSION = YES;
				CLANG_WARN_INT_CONVERSION = YES;
				CLANG_WARN_OBJC_ROOT_CLASS = YES_ERROR;
				CLANG_WARN_UNREACHABLE_CODE = YES;
				CLANG_WARN__DUPLICATE_METHOD_MATCH = YES;
				"CODE_SIGN_IDENTITY[sdk=iphoneos*]" = "iPhone Developer";
				COPY_PHASE_STRIP = NO;
				DEBUG_INFORMATION_FORMAT = dwarf;
				ENABLE_STRICT_OBJC_MSGSEND = YES;
				ENABLE_TESTABILITY = YES;
				GCC_C_LANGUAGE_STANDARD = gnu99;
				GCC_DYNAMIC_NO_PIC = NO;
				GCC_NO_COMMON_BLOCKS = YES;
				GCC_OPTIMIZATION_LEVEL = 0;
				GCC_PREPROCESSOR_DEFINITIONS = (
					"DEBUG=1",
					"$(inherited)",
				);
				GCC_WARN_64_TO_32_BIT_CONVERSION = YES;
				GCC_WARN_ABOUT_RETURN_TYPE = YES_ERROR;
				GCC_WARN_UNDECLARED_SELECTOR = YES;
				GCC_WARN_UNINITIALIZED_AUTOS = YES_AGGRESSIVE;
				GCC_WARN_UNUSED_FUNCTION = YES;
				GCC_WARN_UNUSED_VARIABLE = YES;
				IPHONEOS_DEPLOYMENT_TARGET = 9.1;
				MTL_ENABLE_DEBUG_INFO = YES;
				ONLY_ACTIVE_ARCH = YES;
				SDKROOT = iphoneos;
				SWIFT_OPTIMIZATION_LEVEL = "-Onone";
				TARGETED_DEVICE_FAMILY = "1,2";
			};
			name = Debug;
		};
		BCAE5C6C1BE7C1200098BBEA /* Release */ = {
			isa = XCBuildConfiguration;
			buildSettings = {
				ALWAYS_SEARCH_USER_PATHS = NO;
				CLANG_CXX_LANGUAGE_STANDARD = "gnu++0x";
				CLANG_CXX_LIBRARY = "libc++";
				CLANG_ENABLE_MODULES = YES;
				CLANG_ENABLE_OBJC_ARC = YES;
				CLANG_WARN_BOOL_CONVERSION = YES;
				CLANG_WARN_CONSTANT_CONVERSION = YES;
				CLANG_WARN_DIRECT_OBJC_ISA_USAGE = YES_ERROR;
				CLANG_WARN_EMPTY_BODY = YES;
				CLANG_WARN_ENUM_CONVERSION = YES;
				CLANG_WARN_INT_CONVERSION = YES;
				CLANG_WARN_OBJC_ROOT_CLASS = YES_ERROR;
				CLANG_WARN_UNREACHABLE_CODE = YES;
				CLANG_WARN__DUPLICATE_METHOD_MATCH = YES;
				"CODE_SIGN_IDENTITY[sdk=iphoneos*]" = "iPhone Developer";
				COPY_PHASE_STRIP = NO;
				DEBUG_INFORMATION_FORMAT = "dwarf-with-dsym";
				ENABLE_NS_ASSERTIONS = NO;
				ENABLE_STRICT_OBJC_MSGSEND = YES;
				GCC_C_LANGUAGE_STANDARD = gnu99;
				GCC_NO_COMMON_BLOCKS = YES;
				GCC_WARN_64_TO_32_BIT_CONVERSION = YES;
				GCC_WARN_ABOUT_RETURN_TYPE = YES_ERROR;
				GCC_WARN_UNDECLARED_SELECTOR = YES;
				GCC_WARN_UNINITIALIZED_AUTOS = YES_AGGRESSIVE;
				GCC_WARN_UNUSED_FUNCTION = YES;
				GCC_WARN_UNUSED_VARIABLE = YES;
				IPHONEOS_DEPLOYMENT_TARGET = 9.1;
				MTL_ENABLE_DEBUG_INFO = NO;
				SDKROOT = iphoneos;
				TARGETED_DEVICE_FAMILY = "1,2";
				VALIDATE_PRODUCT = YES;
			};
			name = Release;
		};
		BCAE5C6E1BE7C1200098BBEA /* Debug */ = {
			isa = XCBuildConfiguration;
			buildSettings = {
				ASSETCATALOG_COMPILER_APPICON_NAME = AppIcon;
				INFOPLIST_FILE = Project13/Info.plist;
				LD_RUNPATH_SEARCH_PATHS = "$(inherited) @executable_path/Frameworks";
				PRODUCT_BUNDLE_IDENTIFIER = com.example.Project13;
				PRODUCT_NAME = "$(TARGET_NAME)";
			};
			name = Debug;
		};
		BCAE5C6F1BE7C1200098BBEA /* Release */ = {
			isa = XCBuildConfiguration;
			buildSettings = {
				ASSETCATALOG_COMPILER_APPICON_NAME = AppIcon;
				INFOPLIST_FILE = Project13/Info.plist;
				LD_RUNPATH_SEARCH_PATHS = "$(inherited) @executable_path/Frameworks";
				PRODUCT_BUNDLE_IDENTIFIER = com.example.Project13;
				PRODUCT_NAME = "$(TARGET_NAME)";
			};
			name = Release;
		};
/* End XCBuildConfiguration section */

/* Begin XCConfigurationList section */
		BCAE5C561BE7C1200098BBEA /* Build configuration list for PBXProject "Project13" */ = {
			isa = XCConfigurationList;
			buildConfigurations = (
				BCAE5C6B1BE7C1200098BBEA /* Debug */,
				BCAE5C6C1BE7C1200098BBEA /* Release */,
			);
			defaultConfigurationIsVisible = 0;
			defaultConfigurationName = Release;
		};
		BCAE5C6D1BE7C1200098BBEA /* Build configuration list for PBXNativeTarget "Project13" */ = {
			isa = XCConfigurationList;
			buildConfigurations = (
				BCAE5C6E1BE7C1200098BBEA /* Debug */,
				BCAE5C6F1BE7C1200098BBEA /* Release */,
			);
			defaultConfigurationIsVisible = 0;
		};
/* End XCConfigurationList section */
	};
	rootObject = BCAE5C531BE7C1200098BBEA /* Project object */;
}
