// !$*UTF8*$!
{
	archiveVersion = 1;
	classes = {
	};
	objectVersion = 46;
	objects = {

/* Begin PBXBuildFile section */
		BCAE5CE31BE800F30098BBEA /* AppDelegate.swift in Sources */ = {isa = PBXBuildFile; fileRef = BCAE5CE21BE800F30098BBEA /* AppDelegate.swift */; };
		BCAE5CE51BE800F30098BBEA /* ViewController.swift in Sources */ = {isa = PBXBuildFile; fileRef = BCAE5CE41BE800F30098BBEA /* ViewController.swift */; };
		BCAE5CE81BE800F30098BBEA /* Main.storyboard in Resources */ = {isa = PBXBuildFile; fileRef = BCAE5CE61BE800F30098BBEA /* Main.storyboard */; };
		BCAE5CEA1BE800F30098BBEA /* Assets.xcassets in Resources */ = {isa = PBXBuildFile; fileRef = BCAE5CE91BE800F30098BBEA /* Assets.xcassets */; };
		BCAE5CED1BE800F30098BBEA /* LaunchScreen.storyboard in Resources */ = {isa = PBXBuildFile; fileRef = BCAE5CEB1BE800F30098BBEA /* LaunchScreen.storyboard */; };
		BCAE5CFB1BE802130098BBEA /* ActionViewController.swift in Sources */ = {isa = PBXBuildFile; fileRef = BCAE5CFA1BE802130098BBEA /* ActionViewController.swift */; };
		BCAE5CFE1BE802130098BBEA /* MainInterface.storyboard in Resources */ = {isa = PBXBuildFile; fileRef = BCAE5CFC1BE802130098BBEA /* MainInterface.storyboard */; };
		BCAE5D021BE802130098BBEA /* Extension.appex in Embed App Extensions */ = {isa = PBXBuildFile; fileRef = BCAE5CF81BE802130098BBEA /* Extension.appex */; settings = {ATTRIBUTES = (RemoveHeadersOnCopy, ); }; };
		BCAE5D081BE804B80098BBEA /* Action.js in Resources */ = {isa = PBXBuildFile; fileRef = BCAE5D071BE804B80098BBEA /* Action.js */; };
/* End PBXBuildFile section */

/* Begin PBXContainerItemProxy section */
		BCAE5D001BE802130098BBEA /* PBXContainerItemProxy */ = {
			isa = PBXContainerItemProxy;
			containerPortal = BCAE5CD71BE800F30098BBEA /* Project object */;
			proxyType = 1;
			remoteGlobalIDString = BCAE5CF71BE802130098BBEA;
			remoteInfo = Extension;
		};
/* End PBXContainerItemProxy section */

/* Begin PBXCopyFilesBuildPhase section */
		BCAE5D061BE802130098BBEA /* Embed App Extensions */ = {
			isa = PBXCopyFilesBuildPhase;
			buildActionMask = 2147483647;
			dstPath = "";
			dstSubfolderSpec = 13;
			files = (
				BCAE5D021BE802130098BBEA /* Extension.appex in Embed App Extensions */,
			);
			name = "Embed App Extensions";
			runOnlyForDeploymentPostprocessing = 0;
		};
/* End PBXCopyFilesBuildPhase section */

/* Begin PBXFileReference section */
		BCAE5CDF1BE800F30098BBEA /* Project16.app */ = {isa = PBXFileReference; explicitFileType = wrapper.application; includeInIndex = 0; path = Project16.app; sourceTree = BUILT_PRODUCTS_DIR; };
		BCAE5CE21BE800F30098BBEA /* AppDelegate.swift */ = {isa = PBXFileReference; lastKnownFileType = sourcecode.swift; path = AppDelegate.swift; sourceTree = "<group>"; };
		BCAE5CE41BE800F30098BBEA /* ViewController.swift */ = {isa = PBXFileReference; lastKnownFileType = sourcecode.swift; path = ViewController.swift; sourceTree = "<group>"; };
		BCAE5CE71BE800F30098BBEA /* Base */ = {isa = PBXFileReference; lastKnownFileType = file.storyboard; name = Base; path = Base.lproj/Main.storyboard; sourceTree = "<group>"; };
		BCAE5CE91BE800F30098BBEA /* Assets.xcassets */ = {isa = PBXFileReference; lastKnownFileType = folder.assetcatalog; path = Assets.xcassets; sourceTree = "<group>"; };
		BCAE5CEC1BE800F30098BBEA /* Base */ = {isa = PBXFileReference; lastKnownFileType = file.storyboard; name = Base; path = Base.lproj/LaunchScreen.storyboard; sourceTree = "<group>"; };
		BCAE5CEE1BE800F30098BBEA /* Info.plist */ = {isa = PBXFileReference; lastKnownFileType = text.plist.xml; path = Info.plist; sourceTree = "<group>"; };
		BCAE5CF81BE802130098BBEA /* Extension.appex */ = {isa = PBXFileReference; explicitFileType = "wrapper.app-extension"; includeInIndex = 0; path = Extension.appex; sourceTree = BUILT_PRODUCTS_DIR; };
		BCAE5CFA1BE802130098BBEA /* ActionViewController.swift */ = {isa = PBXFileReference; lastKnownFileType = sourcecode.swift; path = ActionViewController.swift; sourceTree = "<group>"; };
		BCAE5CFD1BE802130098BBEA /* Base */ = {isa = PBXFileReference; lastKnownFileType = file.storyboard; name = Base; path = Base.lproj/MainInterface.storyboard; sourceTree = "<group>"; };
		BCAE5CFF1BE802130098BBEA /* Info.plist */ = {isa = PBXFileReference; lastKnownFileType = text.plist.xml; path = Info.plist; sourceTree = "<group>"; };
		BCAE5D071BE804B80098BBEA /* Action.js */ = {isa = PBXFileReference; fileEncoding = 4; lastKnownFileType = sourcecode.javascript; path = Action.js; sourceTree = "<group>"; };
/* End PBXFileReference section */

/* Begin PBXFrameworksBuildPhase section */
		BCAE5CDC1BE800F30098BBEA /* Frameworks */ = {
			isa = PBXFrameworksBuildPhase;
			buildActionMask = 2147483647;
			files = (
			);
			runOnlyForDeploymentPostprocessing = 0;
		};
		BCAE5CF51BE802130098BBEA /* Frameworks */ = {
			isa = PBXFrameworksBuildPhase;
			buildActionMask = 2147483647;
			files = (
			);
			runOnlyForDeploymentPostprocessing = 0;
		};
/* End PBXFrameworksBuildPhase section */

/* Begin PBXGroup section */
		BCAE5CD61BE800F30098BBEA = {
			isa = PBXGroup;
			children = (
				BCAE5CE11BE800F30098BBEA /* Project16 */,
				BCAE5CF91BE802130098BBEA /* Extension */,
				BCAE5CE01BE800F30098BBEA /* Products */,
			);
			sourceTree = "<group>";
		};
		BCAE5CE01BE800F30098BBEA /* Products */ = {
			isa = PBXGroup;
			children = (
				BCAE5CDF1BE800F30098BBEA /* Project16.app */,
				BCAE5CF81BE802130098BBEA /* Extension.appex */,
			);
			name = Products;
			sourceTree = "<group>";
		};
		BCAE5CE11BE800F30098BBEA /* Project16 */ = {
			isa = PBXGroup;
			children = (
				BCAE5CE21BE800F30098BBEA /* AppDelegate.swift */,
				BCAE5CE41BE800F30098BBEA /* ViewController.swift */,
				BCAE5CE61BE800F30098BBEA /* Main.storyboard */,
				BCAE5CE91BE800F30098BBEA /* Assets.xcassets */,
				BCAE5CEB1BE800F30098BBEA /* LaunchScreen.storyboard */,
				BCAE5CEE1BE800F30098BBEA /* Info.plist */,
			);
			path = Project16;
			sourceTree = "<group>";
		};
		BCAE5CF91BE802130098BBEA /* Extension */ = {
			isa = PBXGroup;
			children = (
				BCAE5CFA1BE802130098BBEA /* ActionViewController.swift */,
				BCAE5CFC1BE802130098BBEA /* MainInterface.storyboard */,
				BCAE5CFF1BE802130098BBEA /* Info.plist */,
				BCAE5D071BE804B80098BBEA /* Action.js */,
			);
			path = Extension;
			sourceTree = "<group>";
		};
/* End PBXGroup section */

/* Begin PBXNativeTarget section */
		BCAE5CDE1BE800F30098BBEA /* Project16 */ = {
			isa = PBXNativeTarget;
			buildConfigurationList = BCAE5CF11BE800F30098BBEA /* Build configuration list for PBXNativeTarget "Project16" */;
			buildPhases = (
				BCAE5CDB1BE800F30098BBEA /* Sources */,
				BCAE5CDC1BE800F30098BBEA /* Frameworks */,
				BCAE5CDD1BE800F30098BBEA /* Resources */,
				BCAE5D061BE802130098BBEA /* Embed App Extensions */,
			);
			buildRules = (
			);
			dependencies = (
				BCAE5D011BE802130098BBEA /* PBXTargetDependency */,
			);
			name = Project16;
			productName = Project16;
			productReference = BCAE5CDF1BE800F30098BBEA /* Project16.app */;
			productType = "com.apple.product-type.application";
		};
		BCAE5CF71BE802130098BBEA /* Extension */ = {
			isa = PBXNativeTarget;
			buildConfigurationList = BCAE5D031BE802130098BBEA /* Build configuration list for PBXNativeTarget "Extension" */;
			buildPhases = (
				BCAE5CF41BE802130098BBEA /* Sources */,
				BCAE5CF51BE802130098BBEA /* Frameworks */,
				BCAE5CF61BE802130098BBEA /* Resources */,
			);
			buildRules = (
			);
			dependencies = (
			);
			name = Extension;
			productName = Extension;
			productReference = BCAE5CF81BE802130098BBEA /* Extension.appex */;
			productType = "com.apple.product-type.app-extension";
		};
/* End PBXNativeTarget section */

/* Begin PBXProject section */
		BCAE5CD71BE800F30098BBEA /* Project object */ = {
			isa = PBXProject;
			attributes = {
				LastSwiftUpdateCheck = 0710;
				LastUpgradeCheck = 0710;
				ORGANIZATIONNAME = "Winand, Christopher";
				TargetAttributes = {
					BCAE5CDE1BE800F30098BBEA = {
						CreatedOnToolsVersion = 7.1;
					};
					BCAE5CF71BE802130098BBEA = {
						CreatedOnToolsVersion = 7.1;
					};
				};
			};
			buildConfigurationList = BCAE5CDA1BE800F30098BBEA /* Build configuration list for PBXProject "Project16" */;
			compatibilityVersion = "Xcode 3.2";
			developmentRegion = English;
			hasScannedForEncodings = 0;
			knownRegions = (
				en,
				Base,
			);
			mainGroup = BCAE5CD61BE800F30098BBEA;
			productRefGroup = BCAE5CE01BE800F30098BBEA /* Products */;
			projectDirPath = "";
			projectRoot = "";
			targets = (
				BCAE5CDE1BE800F30098BBEA /* Project16 */,
				BCAE5CF71BE802130098BBEA /* Extension */,
			);
		};
/* End PBXProject section */

/* Begin PBXResourcesBuildPhase section */
		BCAE5CDD1BE800F30098BBEA /* Resources */ = {
			isa = PBXResourcesBuildPhase;
			buildActionMask = 2147483647;
			files = (
				BCAE5CED1BE800F30098BBEA /* LaunchScreen.storyboard in Resources */,
				BCAE5CEA1BE800F30098BBEA /* Assets.xcassets in Resources */,
				BCAE5CE81BE800F30098BBEA /* Main.storyboard in Resources */,
			);
			runOnlyForDeploymentPostprocessing = 0;
		};
		BCAE5CF61BE802130098BBEA /* Resources */ = {
			isa = PBXResourcesBuildPhase;
			buildActionMask = 2147483647;
			files = (
				BCAE5D081BE804B80098BBEA /* Action.js in Resources */,
				BCAE5CFE1BE802130098BBEA /* MainInterface.storyboard in Resources */,
			);
			runOnlyForDeploymentPostprocessing = 0;
		};
/* End PBXResourcesBuildPhase section */

/* Begin PBXSourcesBuildPhase section */
		BCAE5CDB1BE800F30098BBEA /* Sources */ = {
			isa = PBXSourcesBuildPhase;
			buildActionMask = 2147483647;
			files = (
				BCAE5CE51BE800F30098BBEA /* ViewController.swift in Sources */,
				BCAE5CE31BE800F30098BBEA /* AppDelegate.swift in Sources */,
			);
			runOnlyForDeploymentPostprocessing = 0;
		};
		BCAE5CF41BE802130098BBEA /* Sources */ = {
			isa = PBXSourcesBuildPhase;
			buildActionMask = 2147483647;
			files = (
				BCAE5CFB1BE802130098BBEA /* ActionViewController.swift in Sources */,
			);
			runOnlyForDeploymentPostprocessing = 0;
		};
/* End PBXSourcesBuildPhase section */

/* Begin PBXTargetDependency section */
		BCAE5D011BE802130098BBEA /* PBXTargetDependency */ = {
			isa = PBXTargetDependency;
			target = BCAE5CF71BE802130098BBEA /* Extension */;
			targetProxy = BCAE5D001BE802130098BBEA /* PBXContainerItemProxy */;
		};
/* End PBXTargetDependency section */

/* Begin PBXVariantGroup section */
		BCAE5CE61BE800F30098BBEA /* Main.storyboard */ = {
			isa = PBXVariantGroup;
			children = (
				BCAE5CE71BE800F30098BBEA /* Base */,
			);
			name = Main.storyboard;
			sourceTree = "<group>";
		};
		BCAE5CEB1BE800F30098BBEA /* LaunchScreen.storyboard */ = {
			isa = PBXVariantGroup;
			children = (
				BCAE5CEC1BE800F30098BBEA /* Base */,
			);
			name = LaunchScreen.storyboard;
			sourceTree = "<group>";
		};
		BCAE5CFC1BE802130098BBEA /* MainInterface.storyboard */ = {
			isa = PBXVariantGroup;
			children = (
				BCAE5CFD1BE802130098BBEA /* Base */,
			);
			name = MainInterface.storyboard;
			sourceTree = "<group>";
		};
/* End PBXVariantGroup section */

/* Begin XCBuildConfiguration section */
		BCAE5CEF1BE800F30098BBEA /* Debug */ = {
			isa = XCBuildConfiguration;
			buildSettings = {
				ALWAYS_SEARCH_USER_PATHS = NO;
				CLANG_CXX_LANGUAGE_STANDARD = "gnu++0x";
				CLANG_CXX_LIBRARY = "libc++";
				CLANG_ENABLE_MODULES = YES;
				CLANG_ENABLE_OBJC_ARC = YES;
				CLANG_WARN_BOOL_CONVERSION = YES;
				CLANG_WARN_CONSTANT_CONVERSION = YES;
				CLANG_WARN_DIRECT_OBJC_ISA_USAGE = YES_ERROR;
				CLANG_WARN_EMPTY_BODY = YES;
				CLANG_WARN_ENUM_CONVERSION = YES;
				CLANG_WARN_INT_CONVERSION = YES;
				CLANG_WARN_OBJC_ROOT_CLASS = YES_ERROR;
				CLANG_WARN_UNREACHABLE_CODE = YES;
				CLANG_WARN__DUPLICATE_METHOD_MATCH = YES;
				"CODE_SIGN_IDENTITY[sdk=iphoneos*]" = "iPhone Developer";
				COPY_PHASE_STRIP = NO;
				DEBUG_INFORMATION_FORMAT = dwarf;
				ENABLE_STRICT_OBJC_MSGSEND = YES;
				ENABLE_TESTABILITY = YES;
				GCC_C_LANGUAGE_STANDARD = gnu99;
				GCC_DYNAMIC_NO_PIC = NO;
				GCC_NO_COMMON_BLOCKS = YES;
				GCC_OPTIMIZATION_LEVEL = 0;
				GCC_PREPROCESSOR_DEFINITIONS = (
					"DEBUG=1",
					"$(inherited)",
				);
				GCC_WARN_64_TO_32_BIT_CONVERSION = YES;
				GCC_WARN_ABOUT_RETURN_TYPE = YES_ERROR;
				GCC_WARN_UNDECLARED_SELECTOR = YES;
				GCC_WARN_UNINITIALIZED_AUTOS = YES_AGGRESSIVE;
				GCC_WARN_UNUSED_FUNCTION = YES;
				GCC_WARN_UNUSED_VARIABLE = YES;
				IPHONEOS_DEPLOYMENT_TARGET = 9.1;
				MTL_ENABLE_DEBUG_INFO = YES;
				ONLY_ACTIVE_ARCH = YES;
				SDKROOT = iphoneos;
				SWIFT_OPTIMIZATION_LEVEL = "-Onone";
			};
			name = Debug;
		};
		BCAE5CF01BE800F30098BBEA /* Release */ = {
			isa = XCBuildConfiguration;
			buildSettings = {
				ALWAYS_SEARCH_USER_PATHS = NO;
				CLANG_CXX_LANGUAGE_STANDARD = "gnu++0x";
				CLANG_CXX_LIBRARY = "libc++";
				CLANG_ENABLE_MODULES = YES;
				CLANG_ENABLE_OBJC_ARC = YES;
				CLANG_WARN_BOOL_CONVERSION = YES;
				CLANG_WARN_CONSTANT_CONVERSION = YES;
				CLANG_WARN_DIRECT_OBJC_ISA_USAGE = YES_ERROR;
				CLANG_WARN_EMPTY_BODY = YES;
				CLANG_WARN_ENUM_CONVERSION = YES;
				CLANG_WARN_INT_CONVERSION = YES;
				CLANG_WARN_OBJC_ROOT_CLASS = YES_ERROR;
				CLANG_WARN_UNREACHABLE_CODE = YES;
				CLANG_WARN__DUPLICATE_METHOD_MATCH = YES;
				"CODE_SIGN_IDENTITY[sdk=iphoneos*]" = "iPhone Developer";
				COPY_PHASE_STRIP = NO;
				DEBUG_INFORMATION_FORMAT = "dwarf-with-dsym";
				ENABLE_NS_ASSERTIONS = NO;
				ENABLE_STRICT_OBJC_MSGSEND = YES;
				GCC_C_LANGUAGE_STANDARD = gnu99;
				GCC_NO_COMMON_BLOCKS = YES;
				GCC_WARN_64_TO_32_BIT_CONVERSION = YES;
				GCC_WARN_ABOUT_RETURN_TYPE = YES_ERROR;
				GCC_WARN_UNDECLARED_SELECTOR = YES;
				GCC_WARN_UNINITIALIZED_AUTOS = YES_AGGRESSIVE;
				GCC_WARN_UNUSED_FUNCTION = YES;
				GCC_WARN_UNUSED_VARIABLE = YES;
				IPHONEOS_DEPLOYMENT_TARGET = 9.1;
				MTL_ENABLE_DEBUG_INFO = NO;
				SDKROOT = iphoneos;
				VALIDATE_PRODUCT = YES;
			};
			name = Release;
		};
		BCAE5CF21BE800F30098BBEA /* Debug */ = {
			isa = XCBuildConfiguration;
			buildSettings = {
				ASSETCATALOG_COMPILER_APPICON_NAME = AppIcon;
				EMBEDDED_CONTENT_CONTAINS_SWIFT = YES;
				INFOPLIST_FILE = Project16/Info.plist;
				LD_RUNPATH_SEARCH_PATHS = "$(inherited) @executable_path/Frameworks";
				PRODUCT_BUNDLE_IDENTIFIER = com.example.Project16;
				PRODUCT_NAME = "$(TARGET_NAME)";
			};
			name = Debug;
		};
		BCAE5CF31BE800F30098BBEA /* Release */ = {
			isa = XCBuildConfiguration;
			buildSettings = {
				ASSETCATALOG_COMPILER_APPICON_NAME = AppIcon;
				EMBEDDED_CONTENT_CONTAINS_SWIFT = YES;
				INFOPLIST_FILE = Project16/Info.plist;
				LD_RUNPATH_SEARCH_PATHS = "$(inherited) @executable_path/Frameworks";
				PRODUCT_BUNDLE_IDENTIFIER = com.example.Project16;
				PRODUCT_NAME = "$(TARGET_NAME)";
			};
			name = Release;
		};
		BCAE5D041BE802130098BBEA /* Debug */ = {
			isa = XCBuildConfiguration;
			buildSettings = {
				INFOPLIST_FILE = Extension/Info.plist;
				LD_RUNPATH_SEARCH_PATHS = "$(inherited) @executable_path/Frameworks @executable_path/../../Frameworks";
				PRODUCT_BUNDLE_IDENTIFIER = com.example.Project16.Extension;
				PRODUCT_NAME = "$(TARGET_NAME)";
				SKIP_INSTALL = YES;
			};
			name = Debug;
		};
		BCAE5D051BE802130098BBEA /* Release */ = {
			isa = XCBuildConfiguration;
			buildSettings = {
				INFOPLIST_FILE = Extension/Info.plist;
				LD_RUNPATH_SEARCH_PATHS = "$(inherited) @executable_path/Frameworks @executable_path/../../Frameworks";
				PRODUCT_BUNDLE_IDENTIFIER = com.example.Project16.Extension;
				PRODUCT_NAME = "$(TARGET_NAME)";
				SKIP_INSTALL = YES;
			};
			name = Release;
		};
/* End XCBuildConfiguration section */

/* Begin XCConfigurationList section */
		BCAE5CDA1BE800F30098BBEA /* Build configuration list for PBXProject "Project16" */ = {
			isa = XCConfigurationList;
			buildConfigurations = (
				BCAE5CEF1BE800F30098BBEA /* Debug */,
				BCAE5CF01BE800F30098BBEA /* Release */,
			);
			defaultConfigurationIsVisible = 0;
			defaultConfigurationName = Release;
		};
		BCAE5CF11BE800F30098BBEA /* Build configuration list for PBXNativeTarget "Project16" */ = {
			isa = XCConfigurationList;
			buildConfigurations = (
				BCAE5CF21BE800F30098BBEA /* Debug */,
				BCAE5CF31BE800F30098BBEA /* Release */,
			);
			defaultConfigurationIsVisible = 0;
		};
		BCAE5D031BE802130098BBEA /* Build configuration list for PBXNativeTarget "Extension" */ = {
			isa = XCConfigurationList;
			buildConfigurations = (
				BCAE5D041BE802130098BBEA /* Debug */,
				BCAE5D051BE802130098BBEA /* Release */,
			);
			defaultConfigurationIsVisible = 0;
		};
/* End XCConfigurationList section */
	};
	rootObject = BCAE5CD71BE800F30098BBEA /* Project object */;
}
