// !$*UTF8*$!
{
	archiveVersion = 1;
	classes = {
	};
	objectVersion = 46;
	objects = {

/* Begin PBXBuildFile section */
		BC1C95951BE12F9F0072EE27 /* AppDelegate.swift in Sources */ = {isa = PBXBuildFile; fileRef = BC1C95941BE12F9F0072EE27 /* AppDelegate.swift */; };
		BC1C95971BE12F9F0072EE27 /* ViewController.swift in Sources */ = {isa = PBXBuildFile; fileRef = BC1C95961BE12F9F0072EE27 /* ViewController.swift */; };
		BC1C959A1BE12F9F0072EE27 /* Main.storyboard in Resources */ = {isa = PBXBuildFile; fileRef = BC1C95981BE12F9F0072EE27 /* Main.storyboard */; };
		BC1C959C1BE12F9F0072EE27 /* Assets.xcassets in Resources */ = {isa = PBXBuildFile; fileRef = BC1C959B1BE12F9F0072EE27 /* Assets.xcassets */; };
		BC1C959F1BE12F9F0072EE27 /* LaunchScreen.storyboard in Resources */ = {isa = PBXBuildFile; fileRef = BC1C959D1BE12F9F0072EE27 /* LaunchScreen.storyboard */; };
/* End PBXBuildFile section */

/* Begin PBXFileReference section */
		BC1C95911BE12F9F0072EE27 /* Project4.app */ = {isa = PBXFileReference; explicitFileType = wrapper.application; includeInIndex = 0; path = Project4.app; sourceTree = BUILT_PRODUCTS_DIR; };
		BC1C95941BE12F9F0072EE27 /* AppDelegate.swift */ = {isa = PBXFileReference; lastKnownFileType = sourcecode.swift; path = AppDelegate.swift; sourceTree = "<group>"; };
		BC1C95961BE12F9F0072EE27 /* ViewController.swift */ = {isa = PBXFileReference; lastKnownFileType = sourcecode.swift; path = ViewController.swift; sourceTree = "<group>"; };
		BC1C95991BE12F9F0072EE27 /* Base */ = {isa = PBXFileReference; lastKnownFileType = file.storyboard; name = Base; path = Base.lproj/Main.storyboard; sourceTree = "<group>"; };
		BC1C959B1BE12F9F0072EE27 /* Assets.xcassets */ = {isa = PBXFileReference; lastKnownFileType = folder.assetcatalog; path = Assets.xcassets; sourceTree = "<group>"; };
		BC1C959E1BE12F9F0072EE27 /* Base */ = {isa = PBXFileReference; lastKnownFileType = file.storyboard; name = Base; path = Base.lproj/LaunchScreen.storyboard; sourceTree = "<group>"; };
		BC1C95A01BE12F9F0072EE27 /* Info.plist */ = {isa = PBXFileReference; lastKnownFileType = text.plist.xml; path = Info.plist; sourceTree = "<group>"; };
/* End PBXFileReference section */

/* Begin PBXFrameworksBuildPhase section */
		BC1C958E1BE12F9F0072EE27 /* Frameworks */ = {
			isa = PBXFrameworksBuildPhase;
			buildActionMask = 2147483647;
			files = (
			);
			runOnlyForDeploymentPostprocessing = 0;
		};
/* End PBXFrameworksBuildPhase section */

/* Begin PBXGroup section */
		BC1C95881BE12F9F0072EE27 = {
			isa = PBXGroup;
			children = (
				BC1C95931BE12F9F0072EE27 /* Project4 */,
				BC1C95921BE12F9F0072EE27 /* Products */,
			);
			sourceTree = "<group>";
		};
		BC1C95921BE12F9F0072EE27 /* Products */ = {
			isa = PBXGroup;
			children = (
				BC1C95911BE12F9F0072EE27 /* Project4.app */,
			);
			name = Products;
			sourceTree = "<group>";
		};
		BC1C95931BE12F9F0072EE27 /* Project4 */ = {
			isa = PBXGroup;
			children = (
				BC1C95941BE12F9F0072EE27 /* AppDelegate.swift */,
				BC1C95961BE12F9F0072EE27 /* ViewController.swift */,
				BC1C95981BE12F9F0072EE27 /* Main.storyboard */,
				BC1C959B1BE12F9F0072EE27 /* Assets.xcassets */,
				BC1C959D1BE12F9F0072EE27 /* LaunchScreen.storyboard */,
				BC1C95A01BE12F9F0072EE27 /* Info.plist */,
			);
			path = Project4;
			sourceTree = "<group>";
		};
/* End PBXGroup section */

/* Begin PBXNativeTarget section */
		BC1C95901BE12F9F0072EE27 /* Project4 */ = {
			isa = PBXNativeTarget;
			buildConfigurationList = BC1C95A31BE12F9F0072EE27 /* Build configuration list for PBXNativeTarget "Project4" */;
			buildPhases = (
				BC1C958D1BE12F9F0072EE27 /* Sources */,
				BC1C958E1BE12F9F0072EE27 /* Frameworks */,
				BC1C958F1BE12F9F0072EE27 /* Resources */,
			);
			buildRules = (
			);
			dependencies = (
			);
			name = Project4;
			productName = Project4;
			productReference = BC1C95911BE12F9F0072EE27 /* Project4.app */;
			productType = "com.apple.product-type.application";
		};
/* End PBXNativeTarget section */

/* Begin PBXProject section */
		BC1C95891BE12F9F0072EE27 /* Project object */ = {
			isa = PBXProject;
			attributes = {
				LastSwiftUpdateCheck = 0710;
				LastUpgradeCheck = 0710;
				ORGANIZATIONNAME = "Winand, Christopher";
				TargetAttributes = {
					BC1C95901BE12F9F0072EE27 = {
						CreatedOnToolsVersion = 7.1;
					};
				};
			};
			buildConfigurationList = BC1C958C1BE12F9F0072EE27 /* Build configuration list for PBXProject "Project4" */;
			compatibilityVersion = "Xcode 3.2";
			developmentRegion = English;
			hasScannedForEncodings = 0;
			knownRegions = (
				en,
				Base,
			);
			mainGroup = BC1C95881BE12F9F0072EE27;
			productRefGroup = BC1C95921BE12F9F0072EE27 /* Products */;
			projectDirPath = "";
			projectRoot = "";
			targets = (
				BC1C95901BE12F9F0072EE27 /* Project4 */,
			);
		};
/* End PBXProject section */

/* Begin PBXResourcesBuildPhase section */
		BC1C958F1BE12F9F0072EE27 /* Resources */ = {
			isa = PBXResourcesBuildPhase;
			buildActionMask = 2147483647;
			files = (
				BC1C959F1BE12F9F0072EE27 /* LaunchScreen.storyboard in Resources */,
				BC1C959C1BE12F9F0072EE27 /* Assets.xcassets in Resources */,
				BC1C959A1BE12F9F0072EE27 /* Main.storyboard in Resources */,
			);
			runOnlyForDeploymentPostprocessing = 0;
		};
/* End PBXResourcesBuildPhase section */

/* Begin PBXSourcesBuildPhase section */
		BC1C958D1BE12F9F0072EE27 /* Sources */ = {
			isa = PBXSourcesBuildPhase;
			buildActionMask = 2147483647;
			files = (
				BC1C95971BE12F9F0072EE27 /* ViewController.swift in Sources */,
				BC1C95951BE12F9F0072EE27 /* AppDelegate.swift in Sources */,
			);
			runOnlyForDeploymentPostprocessing = 0;
		};
/* End PBXSourcesBuildPhase section */

/* Begin PBXVariantGroup section */
		BC1C95981BE12F9F0072EE27 /* Main.storyboard */ = {
			isa = PBXVariantGroup;
			children = (
				BC1C95991BE12F9F0072EE27 /* Base */,
			);
			name = Main.storyboard;
			sourceTree = "<group>";
		};
		BC1C959D1BE12F9F0072EE27 /* LaunchScreen.storyboard */ = {
			isa = PBXVariantGroup;
			children = (
				BC1C959E1BE12F9F0072EE27 /* Base */,
			);
			name = LaunchScreen.storyboard;
			sourceTree = "<group>";
		};
/* End PBXVariantGroup section */

/* Begin XCBuildConfiguration section */
		BC1C95A11BE12F9F0072EE27 /* Debug */ = {
			isa = XCBuildConfiguration;
			buildSettings = {
				ALWAYS_SEARCH_USER_PATHS = NO;
				CLANG_CXX_LANGUAGE_STANDARD = "gnu++0x";
				CLANG_CXX_LIBRARY = "libc++";
				CLANG_ENABLE_MODULES = YES;
				CLANG_ENABLE_OBJC_ARC = YES;
				CLANG_WARN_BOOL_CONVERSION = YES;
				CLANG_WARN_CONSTANT_CONVERSION = YES;
				CLANG_WARN_DIRECT_OBJC_ISA_USAGE = YES_ERROR;
				CLANG_WARN_EMPTY_BODY = YES;
				CLANG_WARN_ENUM_CONVERSION = YES;
				CLANG_WARN_INT_CONVERSION = YES;
				CLANG_WARN_OBJC_ROOT_CLASS = YES_ERROR;
				CLANG_WARN_UNREACHABLE_CODE = YES;
				CLANG_WARN__DUPLICATE_METHOD_MATCH = YES;
				"CODE_SIGN_IDENTITY[sdk=iphoneos*]" = "iPhone Developer";
				COPY_PHASE_STRIP = NO;
				DEBUG_INFORMATION_FORMAT = dwarf;
				ENABLE_STRICT_OBJC_MSGSEND = YES;
				ENABLE_TESTABILITY = YES;
				GCC_C_LANGUAGE_STANDARD = gnu99;
				GCC_DYNAMIC_NO_PIC = NO;
				GCC_NO_COMMON_BLOCKS = YES;
				GCC_OPTIMIZATION_LEVEL = 0;
				GCC_PREPROCESSOR_DEFINITIONS = (
					"DEBUG=1",
					"$(inherited)",
				);
				GCC_WARN_64_TO_32_BIT_CONVERSION = YES;
				GCC_WARN_ABOUT_RETURN_TYPE = YES_ERROR;
				GCC_WARN_UNDECLARED_SELECTOR = YES;
				GCC_WARN_UNINITIALIZED_AUTOS = YES_AGGRESSIVE;
				GCC_WARN_UNUSED_FUNCTION = YES;
				GCC_WARN_UNUSED_VARIABLE = YES;
				IPHONEOS_DEPLOYMENT_TARGET = 9.1;
				MTL_ENABLE_DEBUG_INFO = YES;
				ONLY_ACTIVE_ARCH = YES;
				SDKROOT = iphoneos;
				SWIFT_OPTIMIZATION_LEVEL = "-Onone";
			};
			name = Debug;
		};
		BC1C95A21BE12F9F0072EE27 /* Release */ = {
			isa = XCBuildConfiguration;
			buildSettings = {
				ALWAYS_SEARCH_USER_PATHS = NO;
				CLANG_CXX_LANGUAGE_STANDARD = "gnu++0x";
				CLANG_CXX_LIBRARY = "libc++";
				CLANG_ENABLE_MODULES = YES;
				CLANG_ENABLE_OBJC_ARC = YES;
				CLANG_WARN_BOOL_CONVERSION = YES;
				CLANG_WARN_CONSTANT_CONVERSION = YES;
				CLANG_WARN_DIRECT_OBJC_ISA_USAGE = YES_ERROR;
				CLANG_WARN_EMPTY_BODY = YES;
				CLANG_WARN_ENUM_CONVERSION = YES;
				CLANG_WARN_INT_CONVERSION = YES;
				CLANG_WARN_OBJC_ROOT_CLASS = YES_ERROR;
				CLANG_WARN_UNREACHABLE_CODE = YES;
				CLANG_WARN__DUPLICATE_METHOD_MATCH = YES;
				"CODE_SIGN_IDENTITY[sdk=iphoneos*]" = "iPhone Developer";
				COPY_PHASE_STRIP = NO;
				DEBUG_INFORMATION_FORMAT = "dwarf-with-dsym";
				ENABLE_NS_ASSERTIONS = NO;
				ENABLE_STRICT_OBJC_MSGSEND = YES;
				GCC_C_LANGUAGE_STANDARD = gnu99;
				GCC_NO_COMMON_BLOCKS = YES;
				GCC_WARN_64_TO_32_BIT_CONVERSION = YES;
				GCC_WARN_ABOUT_RETURN_TYPE = YES_ERROR;
				GCC_WARN_UNDECLARED_SELECTOR = YES;
				GCC_WARN_UNINITIALIZED_AUTOS = YES_AGGRESSIVE;
				GCC_WARN_UNUSED_FUNCTION = YES;
				GCC_WARN_UNUSED_VARIABLE = YES;
				IPHONEOS_DEPLOYMENT_TARGET = 9.1;
				MTL_ENABLE_DEBUG_INFO = NO;
				SDKROOT = iphoneos;
				VALIDATE_PRODUCT = YES;
			};
			name = Release;
		};
		BC1C95A41BE12F9F0072EE27 /* Debug */ = {
			isa = XCBuildConfiguration;
			buildSettings = {
				ASSETCATALOG_COMPILER_APPICON_NAME = AppIcon;
				INFOPLIST_FILE = Project4/Info.plist;
				LD_RUNPATH_SEARCH_PATHS = "$(inherited) @executable_path/Frameworks";
				PRODUCT_BUNDLE_IDENTIFIER = com.example.Project4;
				PRODUCT_NAME = "$(TARGET_NAME)";
			};
			name = Debug;
		};
		BC1C95A51BE12F9F0072EE27 /* Release */ = {
			isa = XCBuildConfiguration;
			buildSettings = {
				ASSETCATALOG_COMPILER_APPICON_NAME = AppIcon;
				INFOPLIST_FILE = Project4/Info.plist;
				LD_RUNPATH_SEARCH_PATHS = "$(inherited) @executable_path/Frameworks";
				PRODUCT_BUNDLE_IDENTIFIER = com.example.Project4;
				PRODUCT_NAME = "$(TARGET_NAME)";
			};
			name = Release;
		};
/* End XCBuildConfiguration section */

/* Begin XCConfigurationList section */
		BC1C958C1BE12F9F0072EE27 /* Build configuration list for PBXProject "Project4" */ = {
			isa = XCConfigurationList;
			buildConfigurations = (
				BC1C95A11BE12F9F0072EE27 /* Debug */,
				BC1C95A21BE12F9F0072EE27 /* Release */,
			);
			defaultConfigurationIsVisible = 0;
			defaultConfigurationName = Release;
		};
		BC1C95A31BE12F9F0072EE27 /* Build configuration list for PBXNativeTarget "Project4" */ = {
			isa = XCConfigurationList;
			buildConfigurations = (
				BC1C95A41BE12F9F0072EE27 /* Debug */,
				BC1C95A51BE12F9F0072EE27 /* Release */,
			);
			defaultConfigurationIsVisible = 0;
		};
/* End XCConfigurationList section */
	};
	rootObject = BC1C95891BE12F9F0072EE27 /* Project object */;
}
